PODS:
  - OCHooking (0.1.1)
  - YYModel (1.0.4)

DEPENDENCIES:
  - OCHooking
  - YYModel

SPEC REPOS:
  "git@github.com:for-example-test/PrivateBinSpecRepo.git":
    - OCHooking
  https://github.com/cocoapods/specs.git:
    - YYModel

SPEC CHECKSUMS:
  OCHooking: bc1f47b981cbe1fdc6fd5b33164e065fa30c1038
  YYModel: 2a7fdd96aaa4b86a824e26d0c517de8928c04b30

PODFILE CHECKSUM: 175cdeaa34e2a69af9023a9b07d56d79d6ea7d04

COCOAPODS: 1.5.3
